
Microsoft Visual Studio Solution File, Format Version 12.00
# Visual Studio 15
VisualStudioVersion = 15.0.27703.2047
MinimumVisualStudioVersion = 10.0.40219.1
Project("{FAE04EC0-301F-11D3-BF4B-00C04F79EFBC}") = "Jannesen.Protocol.SMPP", "Jannesen.Protocol.SMPP.csproj", "{C4B9E242-2CEB-492F-82FC-4C33711A5C94}"
EndProject
Project("{FAE04EC0-301F-11D3-BF4B-00C04F79EFBC}") = "Jannesen.Library.Task", "..\Jannesen.Library.Task\Jannesen.Library.Task.csproj", "{B2939F95-88F6-4487-B7E4-ACB78074A3BB}"
EndProject
Global
	GlobalSection(SolutionConfigurationPlatforms) = preSolution
		Debug|Any CPU = Debug|Any CPU
		Release|Any CPU = Release|Any CPU
	EndGlobalSection
	GlobalSection(ProjectConfigurationPlatforms) = postSolution
		{C4B9E242-2CEB-492F-82FC-4C33711A5C94}.Debug|Any CPU.ActiveCfg = Debug|Any CPU
		{C4B9E242-2CEB-492F-82FC-4C33711A5C94}.Debug|Any CPU.Build.0 = Debug|Any CPU
		{C4B9E242-2CEB-492F-82FC-4C33711A5C94}.Release|Any CPU.ActiveCfg = Release|Any CPU
		{C4B9E242-2CEB-492F-82FC-4C33711A5C94}.Release|Any CPU.Build.0 = Release|Any CPU
		{B2939F95-88F6-4487-B7E4-ACB78074A3BB}.Debug|Any CPU.ActiveCfg = Debug|Any CPU
		{B2939F95-88F6-4487-B7E4-ACB78074A3BB}.Debug|Any CPU.Build.0 = Debug|Any CPU
		{B2939F95-88F6-4487-B7E4-ACB78074A3BB}.Release|Any CPU.ActiveCfg = Release|Any CPU
		{B2939F95-88F6-4487-B7E4-ACB78074A3BB}.Release|Any CPU.Build.0 = Release|Any CPU
	EndGlobalSection
	GlobalSection(SolutionProperties) = preSolution
		HideSolutionNode = FALSE
	EndGlobalSection
	GlobalSection(ExtensibilityGlobals) = postSolution
		SolutionGuid = {F3F13373-238A-489A-B45A-D22EE423563C}
	EndGlobalSection
EndGlobal
